
Microsoft Visual Studio Solution File, Format Version 12.00
# Visual Studio Version 17
VisualStudioVersion = 17.0.32014.148
MinimumVisualStudioVersion = 10.0.40219.1
Project("{9A19103F-16F7-4668-BE54-9A1E7A4F7556}") = "App", "App\App.csproj", "{C979D0A1-578B-4D01-905F-A6BEF2C5A5FB}"
EndProject
Project("{2150E333-8FDC-42A3-9474-1A3956D46DE8}") = "Solution Items", "Solution Items", "{ECAC9126-B704-49BF-9FD0-341205E2D7E6}"
	ProjectSection(SolutionItems) = preProject
		README.md = README.md
	EndProjectSection
EndProject
Global
	GlobalSection(SolutionConfigurationPlatforms) = preSolution
		Debug|Any CPU = Debug|Any CPU
		Release|Any CPU = Release|Any CPU
	EndGlobalSection
	GlobalSection(ProjectConfigurationPlatforms) = postSolution
		{C979D0A1-578B-4D01-905F-A6BEF2C5A5FB}.Debug|Any CPU.ActiveCfg = Debug|Any CPU
		{C979D0A1-578B-4D01-905F-A6BEF2C5A5FB}.Debug|Any CPU.Build.0 = Debug|Any CPU
		{C979D0A1-578B-4D01-905F-A6BEF2C5A5FB}.Release|Any CPU.ActiveCfg = Release|Any CPU
		{C979D0A1-578B-4D01-905F-A6BEF2C5A5FB}.Release|Any CPU.Build.0 = Release|Any CPU
	EndGlobalSection
	GlobalSection(SolutionProperties) = preSolution
		HideSolutionNode = FALSE
	EndGlobalSection
	GlobalSection(ExtensibilityGlobals) = postSolution
		SolutionGuid = {0D407C47-67AD-4699-BD1A-2F2AE24C186B}
	EndGlobalSection
EndGlobal
